{
  "requires": true,
  "lockfileVersion": 1,
  "dependencies": {
    "degit": {
      "version": "2.8.0",
      "resolved": "https://registry.npmjs.org/degit/-/degit-2.8.0.tgz",
      "integrity": "sha512-nxQr1Ep4NSGDIqQ3HSMNgnPYaxPfPhHdrpgSNO2EczO86zN7NJJ1i/59GM25vgC45ANQUazZ/3Z+iyeZCmGwhg=="
    }
  }
}
